
Microsoft Visual Studio Solution File, Format Version 12.00
# Visual Studio Version 16
VisualStudioVersion = 16.0.32929.386
MinimumVisualStudioVersion = 10.0.40219.1
Project("{FAE04EC0-301F-11D3-BF4B-00C04F79EFBC}") = "OrderCalculator", "OrderCalculator\OrderCalculator.csproj", "{07D9CC6E-632E-4A25-A450-9BAEC5096A14}"
EndProject
Project("{FAE04EC0-301F-11D3-BF4B-00C04F79EFBC}") = "OrderCalculationUnitTest", "OrderCalculationUnitTest\OrderCalculationUnitTest.csproj", "{5D7E9AE4-A0F4-463E-817A-424977F61EB7}"
EndProject
Global
	GlobalSection(SolutionConfigurationPlatforms) = preSolution
		Debug|Any CPU = Debug|Any CPU
		Release|Any CPU = Release|Any CPU
	EndGlobalSection
	GlobalSection(ProjectConfigurationPlatforms) = postSolution
		{07D9CC6E-632E-4A25-A450-9BAEC5096A14}.Debug|Any CPU.ActiveCfg = Debug|Any CPU
		{07D9CC6E-632E-4A25-A450-9BAEC5096A14}.Debug|Any CPU.Build.0 = Debug|Any CPU
		{07D9CC6E-632E-4A25-A450-9BAEC5096A14}.Release|Any CPU.ActiveCfg = Release|Any CPU
		{07D9CC6E-632E-4A25-A450-9BAEC5096A14}.Release|Any CPU.Build.0 = Release|Any CPU
		{5D7E9AE4-A0F4-463E-817A-424977F61EB7}.Debug|Any CPU.ActiveCfg = Debug|Any CPU
		{5D7E9AE4-A0F4-463E-817A-424977F61EB7}.Debug|Any CPU.Build.0 = Debug|Any CPU
		{5D7E9AE4-A0F4-463E-817A-424977F61EB7}.Release|Any CPU.ActiveCfg = Release|Any CPU
		{5D7E9AE4-A0F4-463E-817A-424977F61EB7}.Release|Any CPU.Build.0 = Release|Any CPU
	EndGlobalSection
	GlobalSection(SolutionProperties) = preSolution
		HideSolutionNode = FALSE
	EndGlobalSection
	GlobalSection(ExtensibilityGlobals) = postSolution
		SolutionGuid = {720056E9-735F-4743-A044-056E9B32D6C4}
	EndGlobalSection
EndGlobal
