
Microsoft Visual Studio Solution File, Format Version 12.00
# Visual Studio Version 16
VisualStudioVersion = 16.0.32929.386
MinimumVisualStudioVersion = 10.0.40219.1
Project("{FAE04EC0-301F-11D3-BF4B-00C04F79EFBC}") = "StudentAttendance", "StudentAttendance\StudentAttendance.csproj", "{08906F3C-8DE8-4C02-8F5B-BC9BE0FB20D7}"
EndProject
Project("{FAE04EC0-301F-11D3-BF4B-00C04F79EFBC}") = "StudentAttendanceTest", "StudentAttendanceTest\StudentAttendanceTest.csproj", "{F3BAC37C-3039-4920-9B3D-EB6580CAF317}"
EndProject
Global
	GlobalSection(SolutionConfigurationPlatforms) = preSolution
		Debug|Any CPU = Debug|Any CPU
		Release|Any CPU = Release|Any CPU
	EndGlobalSection
	GlobalSection(ProjectConfigurationPlatforms) = postSolution
		{08906F3C-8DE8-4C02-8F5B-BC9BE0FB20D7}.Debug|Any CPU.ActiveCfg = Debug|Any CPU
		{08906F3C-8DE8-4C02-8F5B-BC9BE0FB20D7}.Debug|Any CPU.Build.0 = Debug|Any CPU
		{08906F3C-8DE8-4C02-8F5B-BC9BE0FB20D7}.Release|Any CPU.ActiveCfg = Release|Any CPU
		{08906F3C-8DE8-4C02-8F5B-BC9BE0FB20D7}.Release|Any CPU.Build.0 = Release|Any CPU
		{F3BAC37C-3039-4920-9B3D-EB6580CAF317}.Debug|Any CPU.ActiveCfg = Debug|Any CPU
		{F3BAC37C-3039-4920-9B3D-EB6580CAF317}.Debug|Any CPU.Build.0 = Debug|Any CPU
		{F3BAC37C-3039-4920-9B3D-EB6580CAF317}.Release|Any CPU.ActiveCfg = Release|Any CPU
		{F3BAC37C-3039-4920-9B3D-EB6580CAF317}.Release|Any CPU.Build.0 = Release|Any CPU
	EndGlobalSection
	GlobalSection(SolutionProperties) = preSolution
		HideSolutionNode = FALSE
	EndGlobalSection
	GlobalSection(ExtensibilityGlobals) = postSolution
		SolutionGuid = {740C32BF-5F38-4BA3-8F55-402A2EC0FBC1}
	EndGlobalSection
EndGlobal
